Microsoft Visual Studio Solution File, Format Version 12.00
# Visual Studio Version 17
VisualStudioVersion = 17.8.0.0
MinimumVisualStudioVersion = 17.8.0.0
Project("{9A19103F-16F7-4668-BE54-9A1E7A4F7556}") = "OrderManager.AppHost", "OrderManager.AppHost\OrderManager.AppHost.csproj", "{72D748FA-A6C5-477C-B2D6-C91134938E47}"
EndProject
Project("{9A19103F-16F7-4668-BE54-9A1E7A4F7556}") = "OrderManager.ServiceDefaults", "OrderManager.ServiceDefaults\OrderManager.ServiceDefaults.csproj", "{B72A2BA3-9B80-4551-A12B-EC337C5A5673}"
EndProject
Project("{9A19103F-16F7-4668-BE54-9A1E7A4F7556}") = "OrderManager.ApiService", "OrderManager.ApiService\OrderManager.ApiService.csproj", "{09EC1330-1940-42A7-8B63-3FA05CE567C8}"
EndProject
Project("{9A19103F-16F7-4668-BE54-9A1E7A4F7556}") = "OrderManager.Web", "OrderManager.Web\OrderManager.Web.csproj", "{9A3DD81D-89F3-417D-8FF7-671C64F6739C}"
EndProject
Project("{FAE04EC0-301F-11D3-BF4B-00C04F79EFBC}") = "OrderManager.Models", "OrderManager.Models\OrderManager.Models.csproj", "{32F2F3A4-85FC-4634-ACB0-D1A0FDFE0B61}"
EndProject
Global
	GlobalSection(SolutionConfigurationPlatforms) = preSolution
		Debug|Any CPU = Debug|Any CPU
		Release|Any CPU = Release|Any CPU
	EndGlobalSection
	GlobalSection(ProjectConfigurationPlatforms) = postSolution
		{72D748FA-A6C5-477C-B2D6-C91134938E47}.Debug|Any CPU.ActiveCfg = Debug|Any CPU
		{72D748FA-A6C5-477C-B2D6-C91134938E47}.Debug|Any CPU.Build.0 = Debug|Any CPU
		{72D748FA-A6C5-477C-B2D6-C91134938E47}.Release|Any CPU.ActiveCfg = Release|Any CPU
		{72D748FA-A6C5-477C-B2D6-C91134938E47}.Release|Any CPU.Build.0 = Release|Any CPU
		{B72A2BA3-9B80-4551-A12B-EC337C5A5673}.Debug|Any CPU.ActiveCfg = Debug|Any CPU
		{B72A2BA3-9B80-4551-A12B-EC337C5A5673}.Debug|Any CPU.Build.0 = Debug|Any CPU
		{B72A2BA3-9B80-4551-A12B-EC337C5A5673}.Release|Any CPU.ActiveCfg = Release|Any CPU
		{B72A2BA3-9B80-4551-A12B-EC337C5A5673}.Release|Any CPU.Build.0 = Release|Any CPU
		{09EC1330-1940-42A7-8B63-3FA05CE567C8}.Debug|Any CPU.ActiveCfg = Debug|Any CPU
		{09EC1330-1940-42A7-8B63-3FA05CE567C8}.Debug|Any CPU.Build.0 = Debug|Any CPU
		{09EC1330-1940-42A7-8B63-3FA05CE567C8}.Release|Any CPU.ActiveCfg = Release|Any CPU
		{09EC1330-1940-42A7-8B63-3FA05CE567C8}.Release|Any CPU.Build.0 = Release|Any CPU
		{9A3DD81D-89F3-417D-8FF7-671C64F6739C}.Debug|Any CPU.ActiveCfg = Debug|Any CPU
		{9A3DD81D-89F3-417D-8FF7-671C64F6739C}.Debug|Any CPU.Build.0 = Debug|Any CPU
		{9A3DD81D-89F3-417D-8FF7-671C64F6739C}.Release|Any CPU.ActiveCfg = Release|Any CPU
		{9A3DD81D-89F3-417D-8FF7-671C64F6739C}.Release|Any CPU.Build.0 = Release|Any CPU
		{32F2F3A4-85FC-4634-ACB0-D1A0FDFE0B61}.Debug|Any CPU.ActiveCfg = Debug|Any CPU
		{32F2F3A4-85FC-4634-ACB0-D1A0FDFE0B61}.Debug|Any CPU.Build.0 = Debug|Any CPU
		{32F2F3A4-85FC-4634-ACB0-D1A0FDFE0B61}.Release|Any CPU.ActiveCfg = Release|Any CPU
		{32F2F3A4-85FC-4634-ACB0-D1A0FDFE0B61}.Release|Any CPU.Build.0 = Release|Any CPU
	EndGlobalSection
	GlobalSection(SolutionProperties) = preSolution
		HideSolutionNode = FALSE
	EndGlobalSection
	GlobalSection(ExtensibilityGlobals) = postSolution
		SolutionGuid = {4F026E66-01D2-4DFF-BE27-D44F7342084B}
	EndGlobalSection
EndGlobal
